PODS:
  - lottie-ios (3.1.5)
  - XMLParsing (0.0.3)

DEPENDENCIES:
  - lottie-ios
  - XMLParsing (from `https://github.com/ShawnMoore/XMLParsing.git`)

SPEC REPOS:
  trunk:
    - lottie-ios

EXTERNAL SOURCES:
  XMLParsing:
    :git: https://github.com/ShawnMoore/XMLParsing.git

CHECKOUT OPTIONS:
  XMLParsing:
    :commit: 594272e4df40798c53ae1735ee65f3f387291670
    :git: https://github.com/ShawnMoore/XMLParsing.git

SPEC CHECKSUMS:
  lottie-ios: 32bf84389337d86fbc8b12266e88452e0abf1dee
  XMLParsing: 085edb6fa22c71d6b53a79299f990a91e7414d19

PODFILE CHECKSUM: 07ab30a8cc8df0a6a0c3c6b17f637eb8f05a4733

COCOAPODS: 1.8.4
